
Microsoft Visual Studio Solution File, Format Version 12.00
# Visual Studio 15
VisualStudioVersion = 15.0.26124.0
MinimumVisualStudioVersion = 15.0.26124.0
Project("{2150E333-8FDC-42A3-9474-1A3956D46DE8}") = "src", "src", "{E79826A2-6374-49A6-99FB-09495A76B4F1}"
EndProject
Project("{FAE04EC0-301F-11D3-BF4B-00C04F79EFBC}") = "PV178.Homeworks.HW05.Tests", "src\PV178.Homeworks.HW05.Tests\PV178.Homeworks.HW05.Tests.csproj", "{9128E0A5-BEF0-49E5-9408-4A41062E1734}"
EndProject
Project("{FAE04EC0-301F-11D3-BF4B-00C04F79EFBC}") = "PV178.Homeworks.HW05", "src\PV178.Homeworks.HW05\PV178.Homeworks.HW05.csproj", "{045C2E02-29B3-45C6-906E-876AFF520144}"
EndProject
Global
	GlobalSection(SolutionConfigurationPlatforms) = preSolution
		Debug|Any CPU = Debug|Any CPU
		Debug|x64 = Debug|x64
		Debug|x86 = Debug|x86
		Release|Any CPU = Release|Any CPU
		Release|x64 = Release|x64
		Release|x86 = Release|x86
	EndGlobalSection
	GlobalSection(SolutionProperties) = preSolution
		HideSolutionNode = FALSE
	EndGlobalSection
	GlobalSection(ProjectConfigurationPlatforms) = postSolution
		{9128E0A5-BEF0-49E5-9408-4A41062E1734}.Debug|Any CPU.ActiveCfg = Debug|Any CPU
		{9128E0A5-BEF0-49E5-9408-4A41062E1734}.Debug|Any CPU.Build.0 = Debug|Any CPU
		{9128E0A5-BEF0-49E5-9408-4A41062E1734}.Debug|x64.ActiveCfg = Debug|Any CPU
		{9128E0A5-BEF0-49E5-9408-4A41062E1734}.Debug|x64.Build.0 = Debug|Any CPU
		{9128E0A5-BEF0-49E5-9408-4A41062E1734}.Debug|x86.ActiveCfg = Debug|Any CPU
		{9128E0A5-BEF0-49E5-9408-4A41062E1734}.Debug|x86.Build.0 = Debug|Any CPU
		{9128E0A5-BEF0-49E5-9408-4A41062E1734}.Release|Any CPU.ActiveCfg = Release|Any CPU
		{9128E0A5-BEF0-49E5-9408-4A41062E1734}.Release|Any CPU.Build.0 = Release|Any CPU
		{9128E0A5-BEF0-49E5-9408-4A41062E1734}.Release|x64.ActiveCfg = Release|Any CPU
		{9128E0A5-BEF0-49E5-9408-4A41062E1734}.Release|x64.Build.0 = Release|Any CPU
		{9128E0A5-BEF0-49E5-9408-4A41062E1734}.Release|x86.ActiveCfg = Release|Any CPU
		{9128E0A5-BEF0-49E5-9408-4A41062E1734}.Release|x86.Build.0 = Release|Any CPU
		{045C2E02-29B3-45C6-906E-876AFF520144}.Debug|Any CPU.ActiveCfg = Debug|Any CPU
		{045C2E02-29B3-45C6-906E-876AFF520144}.Debug|Any CPU.Build.0 = Debug|Any CPU
		{045C2E02-29B3-45C6-906E-876AFF520144}.Debug|x64.ActiveCfg = Debug|Any CPU
		{045C2E02-29B3-45C6-906E-876AFF520144}.Debug|x64.Build.0 = Debug|Any CPU
		{045C2E02-29B3-45C6-906E-876AFF520144}.Debug|x86.ActiveCfg = Debug|Any CPU
		{045C2E02-29B3-45C6-906E-876AFF520144}.Debug|x86.Build.0 = Debug|Any CPU
		{045C2E02-29B3-45C6-906E-876AFF520144}.Release|Any CPU.ActiveCfg = Release|Any CPU
		{045C2E02-29B3-45C6-906E-876AFF520144}.Release|Any CPU.Build.0 = Release|Any CPU
		{045C2E02-29B3-45C6-906E-876AFF520144}.Release|x64.ActiveCfg = Release|Any CPU
		{045C2E02-29B3-45C6-906E-876AFF520144}.Release|x64.Build.0 = Release|Any CPU
		{045C2E02-29B3-45C6-906E-876AFF520144}.Release|x86.ActiveCfg = Release|Any CPU
		{045C2E02-29B3-45C6-906E-876AFF520144}.Release|x86.Build.0 = Release|Any CPU
	EndGlobalSection
	GlobalSection(NestedProjects) = preSolution
		{9128E0A5-BEF0-49E5-9408-4A41062E1734} = {E79826A2-6374-49A6-99FB-09495A76B4F1}
		{045C2E02-29B3-45C6-906E-876AFF520144} = {E79826A2-6374-49A6-99FB-09495A76B4F1}
	EndGlobalSection
EndGlobal
